// !$*UTF8*$!
{
	archiveVersion = 1;
	classes = {
	};
	objectVersion = 48;
	objects = {

/* Begin PBXBuildFile section */
		B84F56541F7A7EC1003BAB89 /* AppDelegate.swift in Sources */ = {isa = PBXBuildFile; fileRef = B84F56531F7A7EC1003BAB89 /* AppDelegate.swift */; };
		B84F56561F7A7EC1003BAB89 /* ViewController.swift in Sources */ = {isa = PBXBuildFile; fileRef = B84F56551F7A7EC1003BAB89 /* ViewController.swift */; };
		B84F56591F7A7EC1003BAB89 /* Main.storyboard in Resources */ = {isa = PBXBuildFile; fileRef = B84F56571F7A7EC1003BAB89 /* Main.storyboard */; };
		B84F565B1F7A7EC1003BAB89 /* Assets.xcassets in Resources */ = {isa = PBXBuildFile; fileRef = B84F565A1F7A7EC1003BAB89 /* Assets.xcassets */; };
		B84F565E1F7A7EC1003BAB89 /* LaunchScreen.storyboard in Resources */ = {isa = PBXBuildFile; fileRef = B84F565C1F7A7EC1003BAB89 /* LaunchScreen.storyboard */; };
		B84F56691F7A7EC1003BAB89 /* Interview_AppTests.swift in Sources */ = {isa = PBXBuildFile; fileRef = B84F56681F7A7EC1003BAB89 /* Interview_AppTests.swift */; };
		BCAD8C3C1F7A8049002C59AA /* GreetingsViewController.swift in Sources */ = {isa = PBXBuildFile; fileRef = BCAD8C3B1F7A8049002C59AA /* GreetingsViewController.swift */; };
		BCAD8C3E1F7A89C1002C59AA /* GreetingsGenerator.swift in Sources */ = {isa = PBXBuildFile; fileRef = BCAD8C3D1F7A89C1002C59AA /* GreetingsGenerator.swift */; };
/* End PBXBuildFile section */

/* Begin PBXContainerItemProxy section */
		B84F56651F7A7EC1003BAB89 /* PBXContainerItemProxy */ = {
			isa = PBXContainerItemProxy;
			containerPortal = B84F56481F7A7EC1003BAB89 /* Project object */;
			proxyType = 1;
			remoteGlobalIDString = B84F564F1F7A7EC1003BAB89;
			remoteInfo = "Interview App";
		};
/* End PBXContainerItemProxy section */

/* Begin PBXFileReference section */
		B84F56501F7A7EC1003BAB89 /* Interview App.app */ = {isa = PBXFileReference; explicitFileType = wrapper.application; includeInIndex = 0; path = "Interview App.app"; sourceTree = BUILT_PRODUCTS_DIR; };
		B84F56531F7A7EC1003BAB89 /* AppDelegate.swift */ = {isa = PBXFileReference; lastKnownFileType = sourcecode.swift; path = AppDelegate.swift; sourceTree = "<group>"; };
		B84F56551F7A7EC1003BAB89 /* ViewController.swift */ = {isa = PBXFileReference; lastKnownFileType = sourcecode.swift; path = ViewController.swift; sourceTree = "<group>"; };
		B84F56581F7A7EC1003BAB89 /* Base */ = {isa = PBXFileReference; lastKnownFileType = file.storyboard; name = Base; path = Base.lproj/Main.storyboard; sourceTree = "<group>"; };
		B84F565A1F7A7EC1003BAB89 /* Assets.xcassets */ = {isa = PBXFileReference; lastKnownFileType = folder.assetcatalog; path = Assets.xcassets; sourceTree = "<group>"; };
		B84F565D1F7A7EC1003BAB89 /* Base */ = {isa = PBXFileReference; lastKnownFileType = file.storyboard; name = Base; path = Base.lproj/LaunchScreen.storyboard; sourceTree = "<group>"; };
		B84F565F1F7A7EC1003BAB89 /* Info.plist */ = {isa = PBXFileReference; lastKnownFileType = text.plist.xml; path = Info.plist; sourceTree = "<group>"; };
		B84F56641F7A7EC1003BAB89 /* Interview AppTests.xctest */ = {isa = PBXFileReference; explicitFileType = wrapper.cfbundle; includeInIndex = 0; path = "Interview AppTests.xctest"; sourceTree = BUILT_PRODUCTS_DIR; };
		B84F56681F7A7EC1003BAB89 /* Interview_AppTests.swift */ = {isa = PBXFileReference; lastKnownFileType = sourcecode.swift; path = Interview_AppTests.swift; sourceTree = "<group>"; };
		B84F566A1F7A7EC1003BAB89 /* Info.plist */ = {isa = PBXFileReference; lastKnownFileType = text.plist.xml; path = Info.plist; sourceTree = "<group>"; };
		BCAD8C3B1F7A8049002C59AA /* GreetingsViewController.swift */ = {isa = PBXFileReference; fileEncoding = 4; lastKnownFileType = sourcecode.swift; path = GreetingsViewController.swift; sourceTree = "<group>"; };
		BCAD8C3D1F7A89C1002C59AA /* GreetingsGenerator.swift */ = {isa = PBXFileReference; lastKnownFileType = sourcecode.swift; path = GreetingsGenerator.swift; sourceTree = "<group>"; };
/* End PBXFileReference section */

/* Begin PBXFrameworksBuildPhase section */
		B84F564D1F7A7EC1003BAB89 /* Frameworks */ = {
			isa = PBXFrameworksBuildPhase;
			buildActionMask = 2147483647;
			files = (
			);
			runOnlyForDeploymentPostprocessing = 0;
		};
		B84F56611F7A7EC1003BAB89 /* Frameworks */ = {
			isa = PBXFrameworksBuildPhase;
			buildActionMask = 2147483647;
			files = (
			);
			runOnlyForDeploymentPostprocessing = 0;
		};
/* End PBXFrameworksBuildPhase section */

/* Begin PBXGroup section */
		B84F56471F7A7EC1003BAB89 = {
			isa = PBXGroup;
			children = (
				B84F56521F7A7EC1003BAB89 /* Interview App */,
				B84F56671F7A7EC1003BAB89 /* Interview AppTests */,
				B84F56511F7A7EC1003BAB89 /* Products */,
			);
			sourceTree = "<group>";
		};
		B84F56511F7A7EC1003BAB89 /* Products */ = {
			isa = PBXGroup;
			children = (
				B84F56501F7A7EC1003BAB89 /* Interview App.app */,
				B84F56641F7A7EC1003BAB89 /* Interview AppTests.xctest */,
			);
			name = Products;
			sourceTree = "<group>";
		};
		B84F56521F7A7EC1003BAB89 /* Interview App */ = {
			isa = PBXGroup;
			children = (
				BCAD8C3A1F7A8049002C59AA /* Code review */,
				B84F56531F7A7EC1003BAB89 /* AppDelegate.swift */,
				B84F56551F7A7EC1003BAB89 /* ViewController.swift */,
				B84F56571F7A7EC1003BAB89 /* Main.storyboard */,
				B84F565A1F7A7EC1003BAB89 /* Assets.xcassets */,
				B84F565C1F7A7EC1003BAB89 /* LaunchScreen.storyboard */,
				B84F565F1F7A7EC1003BAB89 /* Info.plist */,
			);
			path = "Interview App";
			sourceTree = "<group>";
		};
		B84F56671F7A7EC1003BAB89 /* Interview AppTests */ = {
			isa = PBXGroup;
			children = (
				B84F56681F7A7EC1003BAB89 /* Interview_AppTests.swift */,
				B84F566A1F7A7EC1003BAB89 /* Info.plist */,
			);
			path = "Interview AppTests";
			sourceTree = "<group>";
		};
		BCAD8C3A1F7A8049002C59AA /* Code review */ = {
			isa = PBXGroup;
			children = (
				BCAD8C3B1F7A8049002C59AA /* GreetingsViewController.swift */,
				BCAD8C3D1F7A89C1002C59AA /* GreetingsGenerator.swift */,
			);
			path = "Code review";
			sourceTree = "<group>";
		};
/* End PBXGroup section */

/* Begin PBXNativeTarget section */
		B84F564F1F7A7EC1003BAB89 /* Interview App */ = {
			isa = PBXNativeTarget;
			buildConfigurationList = B84F566D1F7A7EC1003BAB89 /* Build configuration list for PBXNativeTarget "Interview App" */;
			buildPhases = (
				B84F564C1F7A7EC1003BAB89 /* Sources */,
				B84F564D1F7A7EC1003BAB89 /* Frameworks */,
				B84F564E1F7A7EC1003BAB89 /* Resources */,
			);
			buildRules = (
			);
			dependencies = (
			);
			name = "Interview App";
			productName = "Interview App";
			productReference = B84F56501F7A7EC1003BAB89 /* Interview App.app */;
			productType = "com.apple.product-type.application";
		};
		B84F56631F7A7EC1003BAB89 /* Interview AppTests */ = {
			isa = PBXNativeTarget;
			buildConfigurationList = B84F56701F7A7EC1003BAB89 /* Build configuration list for PBXNativeTarget "Interview AppTests" */;
			buildPhases = (
				B84F56601F7A7EC1003BAB89 /* Sources */,
				B84F56611F7A7EC1003BAB89 /* Frameworks */,
				B84F56621F7A7EC1003BAB89 /* Resources */,
			);
			buildRules = (
			);
			dependencies = (
				B84F56661F7A7EC1003BAB89 /* PBXTargetDependency */,
			);
			name = "Interview AppTests";
			productName = "Interview AppTests";
			productReference = B84F56641F7A7EC1003BAB89 /* Interview AppTests.xctest */;
			productType = "com.apple.product-type.bundle.unit-test";
		};
/* End PBXNativeTarget section */

/* Begin PBXProject section */
		B84F56481F7A7EC1003BAB89 /* Project object */ = {
			isa = PBXProject;
			attributes = {
				LastSwiftUpdateCheck = 0900;
				LastUpgradeCheck = 0900;
				ORGANIZATIONNAME = "Inteview Sinergy";
				TargetAttributes = {
					B84F564F1F7A7EC1003BAB89 = {
						CreatedOnToolsVersion = 9.0;
						ProvisioningStyle = Automatic;
					};
					B84F56631F7A7EC1003BAB89 = {
						CreatedOnToolsVersion = 9.0;
						ProvisioningStyle = Automatic;
						TestTargetID = B84F564F1F7A7EC1003BAB89;
					};
				};
			};
			buildConfigurationList = B84F564B1F7A7EC1003BAB89 /* Build configuration list for PBXProject "Interview App" */;
			compatibilityVersion = "Xcode 8.0";
			developmentRegion = en;
			hasScannedForEncodings = 0;
			knownRegions = (
				en,
				Base,
			);
			mainGroup = B84F56471F7A7EC1003BAB89;
			productRefGroup = B84F56511F7A7EC1003BAB89 /* Products */;
			projectDirPath = "";
			projectRoot = "";
			targets = (
				B84F564F1F7A7EC1003BAB89 /* Interview App */,
				B84F56631F7A7EC1003BAB89 /* Interview AppTests */,
			);
		};
/* End PBXProject section */

/* Begin PBXResourcesBuildPhase section */
		B84F564E1F7A7EC1003BAB89 /* Resources */ = {
			isa = PBXResourcesBuildPhase;
			buildActionMask = 2147483647;
			files = (
				B84F565E1F7A7EC1003BAB89 /* LaunchScreen.storyboard in Resources */,
				B84F565B1F7A7EC1003BAB89 /* Assets.xcassets in Resources */,
				B84F56591F7A7EC1003BAB89 /* Main.storyboard in Resources */,
			);
			runOnlyForDeploymentPostprocessing = 0;
		};
		B84F56621F7A7EC1003BAB89 /* Resources */ = {
			isa = PBXResourcesBuildPhase;
			buildActionMask = 2147483647;
			files = (
			);
			runOnlyForDeploymentPostprocessing = 0;
		};
/* End PBXResourcesBuildPhase section */

/* Begin PBXSourcesBuildPhase section */
		B84F564C1F7A7EC1003BAB89 /* Sources */ = {
			isa = PBXSourcesBuildPhase;
			buildActionMask = 2147483647;
			files = (
				B84F56561F7A7EC1003BAB89 /* ViewController.swift in Sources */,
				BCAD8C3E1F7A89C1002C59AA /* GreetingsGenerator.swift in Sources */,
				B84F56541F7A7EC1003BAB89 /* AppDelegate.swift in Sources */,
				BCAD8C3C1F7A8049002C59AA /* GreetingsViewController.swift in Sources */,
			);
			runOnlyForDeploymentPostprocessing = 0;
		};
		B84F56601F7A7EC1003BAB89 /* Sources */ = {
			isa = PBXSourcesBuildPhase;
			buildActionMask = 2147483647;
			files = (
				B84F56691F7A7EC1003BAB89 /* Interview_AppTests.swift in Sources */,
			);
			runOnlyForDeploymentPostprocessing = 0;
		};
/* End PBXSourcesBuildPhase section */

/* Begin PBXTargetDependency section */
		B84F56661F7A7EC1003BAB89 /* PBXTargetDependency */ = {
			isa = PBXTargetDependency;
			target = B84F564F1F7A7EC1003BAB89 /* Interview App */;
			targetProxy = B84F56651F7A7EC1003BAB89 /* PBXContainerItemProxy */;
		};
/* End PBXTargetDependency section */

/* Begin PBXVariantGroup section */
		B84F56571F7A7EC1003BAB89 /* Main.storyboard */ = {
			isa = PBXVariantGroup;
			children = (
				B84F56581F7A7EC1003BAB89 /* Base */,
			);
			name = Main.storyboard;
			sourceTree = "<group>";
		};
		B84F565C1F7A7EC1003BAB89 /* LaunchScreen.storyboard */ = {
			isa = PBXVariantGroup;
			children = (
				B84F565D1F7A7EC1003BAB89 /* Base */,
			);
			name = LaunchScreen.storyboard;
			sourceTree = "<group>";
		};
/* End PBXVariantGroup section */

/* Begin XCBuildConfiguration section */
		B84F566B1F7A7EC1003BAB89 /* Debug */ = {
			isa = XCBuildConfiguration;
			buildSettings = {
				ALWAYS_SEARCH_USER_PATHS = NO;
				CLANG_ANALYZER_NONNULL = YES;
				CLANG_ANALYZER_NUMBER_OBJECT_CONVERSION = YES_AGGRESSIVE;
				CLANG_CXX_LANGUAGE_STANDARD = "gnu++14";
				CLANG_CXX_LIBRARY = "libc++";
				CLANG_ENABLE_MODULES = YES;
				CLANG_ENABLE_OBJC_ARC = YES;
				CLANG_WARN_BLOCK_CAPTURE_AUTORELEASING = YES;
				CLANG_WARN_BOOL_CONVERSION = YES;
				CLANG_WARN_COMMA = YES;
				CLANG_WARN_CONSTANT_CONVERSION = YES;
				CLANG_WARN_DIRECT_OBJC_ISA_USAGE = YES_ERROR;
				CLANG_WARN_DOCUMENTATION_COMMENTS = YES;
				CLANG_WARN_EMPTY_BODY = YES;
				CLANG_WARN_ENUM_CONVERSION = YES;
				CLANG_WARN_INFINITE_RECURSION = YES;
				CLANG_WARN_INT_CONVERSION = YES;
				CLANG_WARN_NON_LITERAL_NULL_CONVERSION = YES;
				CLANG_WARN_OBJC_LITERAL_CONVERSION = YES;
				CLANG_WARN_OBJC_ROOT_CLASS = YES_ERROR;
				CLANG_WARN_RANGE_LOOP_ANALYSIS = YES;
				CLANG_WARN_STRICT_PROTOTYPES = YES;
				CLANG_WARN_SUSPICIOUS_MOVE = YES;
				CLANG_WARN_UNGUARDED_AVAILABILITY = YES_AGGRESSIVE;
				CLANG_WARN_UNREACHABLE_CODE = YES;
				CLANG_WARN__DUPLICATE_METHOD_MATCH = YES;
				CODE_SIGN_IDENTITY = "iPhone Developer";
				COPY_PHASE_STRIP = NO;
				DEBUG_INFORMATION_FORMAT = dwarf;
				ENABLE_STRICT_OBJC_MSGSEND = YES;
				ENABLE_TESTABILITY = YES;
				GCC_C_LANGUAGE_STANDARD = gnu11;
				GCC_DYNAMIC_NO_PIC = NO;
				GCC_NO_COMMON_BLOCKS = YES;
				GCC_OPTIMIZATION_LEVEL = 0;
				GCC_PREPROCESSOR_DEFINITIONS = (
					"DEBUG=1",
					"$(inherited)",
				);
				GCC_WARN_64_TO_32_BIT_CONVERSION = YES;
				GCC_WARN_ABOUT_RETURN_TYPE = YES_ERROR;
				GCC_WARN_UNDECLARED_SELECTOR = YES;
				GCC_WARN_UNINITIALIZED_AUTOS = YES_AGGRESSIVE;
				GCC_WARN_UNUSED_FUNCTION = YES;
				GCC_WARN_UNUSED_VARIABLE = YES;
				IPHONEOS_DEPLOYMENT_TARGET = 11.0;
				MTL_ENABLE_DEBUG_INFO = YES;
				ONLY_ACTIVE_ARCH = YES;
				SDKROOT = iphoneos;
				SWIFT_ACTIVE_COMPILATION_CONDITIONS = DEBUG;
				SWIFT_OPTIMIZATION_LEVEL = "-Onone";
			};
			name = Debug;
		};
		B84F566C1F7A7EC1003BAB89 /* Release */ = {
			isa = XCBuildConfiguration;
			buildSettings = {
				ALWAYS_SEARCH_USER_PATHS = NO;
				CLANG_ANALYZER_NONNULL = YES;
				CLANG_ANALYZER_NUMBER_OBJECT_CONVERSION = YES_AGGRESSIVE;
				CLANG_CXX_LANGUAGE_STANDARD = "gnu++14";
				CLANG_CXX_LIBRARY = "libc++";
				CLANG_ENABLE_MODULES = YES;
				CLANG_ENABLE_OBJC_ARC = YES;
				CLANG_WARN_BLOCK_CAPTURE_AUTORELEASING = YES;
				CLANG_WARN_BOOL_CONVERSION = YES;
				CLANG_WARN_COMMA = YES;
				CLANG_WARN_CONSTANT_CONVERSION = YES;
				CLANG_WARN_DIRECT_OBJC_ISA_USAGE = YES_ERROR;
				CLANG_WARN_DOCUMENTATION_COMMENTS = YES;
				CLANG_WARN_EMPTY_BODY = YES;
				CLANG_WARN_ENUM_CONVERSION = YES;
				CLANG_WARN_INFINITE_RECURSION = YES;
				CLANG_WARN_INT_CONVERSION = YES;
				CLANG_WARN_NON_LITERAL_NULL_CONVERSION = YES;
				CLANG_WARN_OBJC_LITERAL_CONVERSION = YES;
				CLANG_WARN_OBJC_ROOT_CLASS = YES_ERROR;
				CLANG_WARN_RANGE_LOOP_ANALYSIS = YES;
				CLANG_WARN_STRICT_PROTOTYPES = YES;
				CLANG_WARN_SUSPICIOUS_MOVE = YES;
				CLANG_WARN_UNGUARDED_AVAILABILITY = YES_AGGRESSIVE;
				CLANG_WARN_UNREACHABLE_CODE = YES;
				CLANG_WARN__DUPLICATE_METHOD_MATCH = YES;
				CODE_SIGN_IDENTITY = "iPhone Developer";
				COPY_PHASE_STRIP = NO;
				DEBUG_INFORMATION_FORMAT = "dwarf-with-dsym";
				ENABLE_NS_ASSERTIONS = NO;
				ENABLE_STRICT_OBJC_MSGSEND = YES;
				GCC_C_LANGUAGE_STANDARD = gnu11;
				GCC_NO_COMMON_BLOCKS = YES;
				GCC_WARN_64_TO_32_BIT_CONVERSION = YES;
				GCC_WARN_ABOUT_RETURN_TYPE = YES_ERROR;
				GCC_WARN_UNDECLARED_SELECTOR = YES;
				GCC_WARN_UNINITIALIZED_AUTOS = YES_AGGRESSIVE;
				GCC_WARN_UNUSED_FUNCTION = YES;
				GCC_WARN_UNUSED_VARIABLE = YES;
				IPHONEOS_DEPLOYMENT_TARGET = 11.0;
				MTL_ENABLE_DEBUG_INFO = NO;
				SDKROOT = iphoneos;
				SWIFT_OPTIMIZATION_LEVEL = "-Owholemodule";
				VALIDATE_PRODUCT = YES;
			};
			name = Release;
		};
		B84F566E1F7A7EC1003BAB89 /* Debug */ = {
			isa = XCBuildConfiguration;
			buildSettings = {
				ASSETCATALOG_COMPILER_APPICON_NAME = AppIcon;
				CODE_SIGN_STYLE = Automatic;
				DEVELOPMENT_TEAM = M5S39QR73R;
				INFOPLIST_FILE = "Interview App/Info.plist";
				LD_RUNPATH_SEARCH_PATHS = "$(inherited) @executable_path/Frameworks";
				PRODUCT_BUNDLE_IDENTIFIER = "com.inter.Interview-App";
				PRODUCT_NAME = "$(TARGET_NAME)";
				SWIFT_VERSION = 4.0;
				TARGETED_DEVICE_FAMILY = "1,2";
			};
			name = Debug;
		};
		B84F566F1F7A7EC1003BAB89 /* Release */ = {
			isa = XCBuildConfiguration;
			buildSettings = {
				ASSETCATALOG_COMPILER_APPICON_NAME = AppIcon;
				CODE_SIGN_STYLE = Automatic;
				DEVELOPMENT_TEAM = M5S39QR73R;
				INFOPLIST_FILE = "Interview App/Info.plist";
				LD_RUNPATH_SEARCH_PATHS = "$(inherited) @executable_path/Frameworks";
				PRODUCT_BUNDLE_IDENTIFIER = "com.inter.Interview-App";
				PRODUCT_NAME = "$(TARGET_NAME)";
				SWIFT_VERSION = 4.0;
				TARGETED_DEVICE_FAMILY = "1,2";
			};
			name = Release;
		};
		B84F56711F7A7EC1003BAB89 /* Debug */ = {
			isa = XCBuildConfiguration;
			buildSettings = {
				ALWAYS_EMBED_SWIFT_STANDARD_LIBRARIES = YES;
				BUNDLE_LOADER = "$(TEST_HOST)";
				CODE_SIGN_STYLE = Automatic;
				DEVELOPMENT_TEAM = M5S39QR73R;
				INFOPLIST_FILE = "Interview AppTests/Info.plist";
				LD_RUNPATH_SEARCH_PATHS = "$(inherited) @executable_path/Frameworks @loader_path/Frameworks";
				PRODUCT_BUNDLE_IDENTIFIER = "com.inter.Interview-AppTests";
				PRODUCT_NAME = "$(TARGET_NAME)";
				SWIFT_VERSION = 4.0;
				TARGETED_DEVICE_FAMILY = "1,2";
				TEST_HOST = "$(BUILT_PRODUCTS_DIR)/Interview App.app/Interview App";
			};
			name = Debug;
		};
		B84F56721F7A7EC1003BAB89 /* Release */ = {
			isa = XCBuildConfiguration;
			buildSettings = {
				ALWAYS_EMBED_SWIFT_STANDARD_LIBRARIES = YES;
				BUNDLE_LOADER = "$(TEST_HOST)";
				CODE_SIGN_STYLE = Automatic;
				DEVELOPMENT_TEAM = M5S39QR73R;
				INFOPLIST_FILE = "Interview AppTests/Info.plist";
				LD_RUNPATH_SEARCH_PATHS = "$(inherited) @executable_path/Frameworks @loader_path/Frameworks";
				PRODUCT_BUNDLE_IDENTIFIER = "com.inter.Interview-AppTests";
				PRODUCT_NAME = "$(TARGET_NAME)";
				SWIFT_VERSION = 4.0;
				TARGETED_DEVICE_FAMILY = "1,2";
				TEST_HOST = "$(BUILT_PRODUCTS_DIR)/Interview App.app/Interview App";
			};
			name = Release;
		};
/* End XCBuildConfiguration section */

/* Begin XCConfigurationList section */
		B84F564B1F7A7EC1003BAB89 /* Build configuration list for PBXProject "Interview App" */ = {
			isa = XCConfigurationList;
			buildConfigurations = (
				B84F566B1F7A7EC1003BAB89 /* Debug */,
				B84F566C1F7A7EC1003BAB89 /* Release */,
			);
			defaultConfigurationIsVisible = 0;
			defaultConfigurationName = Release;
		};
		B84F566D1F7A7EC1003BAB89 /* Build configuration list for PBXNativeTarget "Interview App" */ = {
			isa = XCConfigurationList;
			buildConfigurations = (
				B84F566E1F7A7EC1003BAB89 /* Debug */,
				B84F566F1F7A7EC1003BAB89 /* Release */,
			);
			defaultConfigurationIsVisible = 0;
			defaultConfigurationName = Release;
		};
		B84F56701F7A7EC1003BAB89 /* Build configuration list for PBXNativeTarget "Interview AppTests" */ = {
			isa = XCConfigurationList;
			buildConfigurations = (
				B84F56711F7A7EC1003BAB89 /* Debug */,
				B84F56721F7A7EC1003BAB89 /* Release */,
			);
			defaultConfigurationIsVisible = 0;
			defaultConfigurationName = Release;
		};
/* End XCConfigurationList section */
	};
	rootObject = B84F56481F7A7EC1003BAB89 /* Project object */;
}
